
Microsoft Visual Studio Solution File, Format Version 12.00
# Visual Studio 15
VisualStudioVersion = 15.0.28010.2050
MinimumVisualStudioVersion = 10.0.40219.1
Project("{FAE04EC0-301F-11D3-BF4B-00C04F79EFBC}") = "CarRental", "CarRental\CarRental.csproj", "{D74CF1B1-1503-4120-919C-BC6591A33869}"
EndProject
Project("{FAE04EC0-301F-11D3-BF4B-00C04F79EFBC}") = "CarRental.Tests", "CarRental.Tests\CarRental.Tests.csproj", "{8B2015B6-5785-4147-95A1-07AED2038F47}"
EndProject
Project("{FAE04EC0-301F-11D3-BF4B-00C04F79EFBC}") = "FiltersTestProject", "CarRental2\FiltersTestProject.csproj", "{D06648C9-CCD7-4936-B856-306FA0B42C03}"
EndProject
Project("{FAE04EC0-301F-11D3-BF4B-00C04F79EFBC}") = "CoreAPITest", "CoreAPITest\CoreAPITest.csproj", "{313A1D1F-1DBB-48FE-82D8-91D339B2B11F}"
EndProject
Project("{FAE04EC0-301F-11D3-BF4B-00C04F79EFBC}") = "CoreMVCTest", "CoreMVCTest\CoreMVCTest.csproj", "{546E0AE2-CA0D-4E43-8AAF-BA7CCDAB842D}"
EndProject
Global
	GlobalSection(SolutionConfigurationPlatforms) = preSolution
		Debug|Any CPU = Debug|Any CPU
		Release|Any CPU = Release|Any CPU
	EndGlobalSection
	GlobalSection(ProjectConfigurationPlatforms) = postSolution
		{D74CF1B1-1503-4120-919C-BC6591A33869}.Debug|Any CPU.ActiveCfg = Debug|Any CPU
		{D74CF1B1-1503-4120-919C-BC6591A33869}.Debug|Any CPU.Build.0 = Debug|Any CPU
		{D74CF1B1-1503-4120-919C-BC6591A33869}.Release|Any CPU.ActiveCfg = Release|Any CPU
		{D74CF1B1-1503-4120-919C-BC6591A33869}.Release|Any CPU.Build.0 = Release|Any CPU
		{8B2015B6-5785-4147-95A1-07AED2038F47}.Debug|Any CPU.ActiveCfg = Debug|Any CPU
		{8B2015B6-5785-4147-95A1-07AED2038F47}.Debug|Any CPU.Build.0 = Debug|Any CPU
		{8B2015B6-5785-4147-95A1-07AED2038F47}.Release|Any CPU.ActiveCfg = Release|Any CPU
		{8B2015B6-5785-4147-95A1-07AED2038F47}.Release|Any CPU.Build.0 = Release|Any CPU
		{D06648C9-CCD7-4936-B856-306FA0B42C03}.Debug|Any CPU.ActiveCfg = Debug|Any CPU
		{D06648C9-CCD7-4936-B856-306FA0B42C03}.Debug|Any CPU.Build.0 = Debug|Any CPU
		{D06648C9-CCD7-4936-B856-306FA0B42C03}.Release|Any CPU.ActiveCfg = Release|Any CPU
		{D06648C9-CCD7-4936-B856-306FA0B42C03}.Release|Any CPU.Build.0 = Release|Any CPU
		{313A1D1F-1DBB-48FE-82D8-91D339B2B11F}.Debug|Any CPU.ActiveCfg = Debug|Any CPU
		{313A1D1F-1DBB-48FE-82D8-91D339B2B11F}.Debug|Any CPU.Build.0 = Debug|Any CPU
		{313A1D1F-1DBB-48FE-82D8-91D339B2B11F}.Release|Any CPU.ActiveCfg = Release|Any CPU
		{313A1D1F-1DBB-48FE-82D8-91D339B2B11F}.Release|Any CPU.Build.0 = Release|Any CPU
		{546E0AE2-CA0D-4E43-8AAF-BA7CCDAB842D}.Debug|Any CPU.ActiveCfg = Debug|Any CPU
		{546E0AE2-CA0D-4E43-8AAF-BA7CCDAB842D}.Debug|Any CPU.Build.0 = Debug|Any CPU
		{546E0AE2-CA0D-4E43-8AAF-BA7CCDAB842D}.Release|Any CPU.ActiveCfg = Release|Any CPU
		{546E0AE2-CA0D-4E43-8AAF-BA7CCDAB842D}.Release|Any CPU.Build.0 = Release|Any CPU
	EndGlobalSection
	GlobalSection(SolutionProperties) = preSolution
		HideSolutionNode = FALSE
	EndGlobalSection
	GlobalSection(ExtensibilityGlobals) = postSolution
		SolutionGuid = {C73AD49D-B8F6-46F7-A566-A2EF47E148BB}
	EndGlobalSection
EndGlobal
